// !$*UTF8*$!
{
	archiveVersion = 1;
	classes = {
	};
	objectVersion = 46;
	objects = {

/* Begin PBXBuildFile section */
		86B615B788C79513C8C5245A /* libPods-text.a in Frameworks */ = {isa = PBXBuildFile; fileRef = D1EA2A64E8BBA32F0FF862B0 /* libPods-text.a */; };
		DDCA90AE1C269D7DD3A6DE3F /* libPods-textTests.a in Frameworks */ = {isa = PBXBuildFile; fileRef = 37A24230C96A53B4C46A7A95 /* libPods-textTests.a */; };
		F80B381E1E5E939D004D1057 /* SecondViewController.m in Sources */ = {isa = PBXBuildFile; fileRef = F80B381D1E5E939D004D1057 /* SecondViewController.m */; };
		F84F5C311E6676FC00656899 /* OpenUDID.m in Sources */ = {isa = PBXBuildFile; fileRef = F84F5C2D1E6676FC00656899 /* OpenUDID.m */; settings = {COMPILER_FLAGS = "-fno-objc-arc"; }; };
		F84F5C321E6676FC00656899 /* PDKeyChain.m in Sources */ = {isa = PBXBuildFile; fileRef = F84F5C2F1E6676FC00656899 /* PDKeyChain.m */; };
		F84F5C331E6676FC00656899 /* README.md in Sources */ = {isa = PBXBuildFile; fileRef = F84F5C301E6676FC00656899 /* README.md */; };
		F85E22FC1E6D347D00F3BB12 /* index.html in Resources */ = {isa = PBXBuildFile; fileRef = F85E22FB1E6D347D00F3BB12 /* index.html */; };
		F85FD24E1E890CF8007A11CB /* GetFundAnimationView.m in Sources */ = {isa = PBXBuildFile; fileRef = F85FD24D1E890CF8007A11CB /* GetFundAnimationView.m */; };
		F865C65F1E67CD2300C8E8F9 /* CoreTelephony.framework in Frameworks */ = {isa = PBXBuildFile; fileRef = F865C65E1E67CD2300C8E8F9 /* CoreTelephony.framework */; };
		F865C6611E67CD3C00C8E8F9 /* libz.tbd in Frameworks */ = {isa = PBXBuildFile; fileRef = F865C6601E67CD3C00C8E8F9 /* libz.tbd */; };
		F865C6631E67CD7E00C8E8F9 /* libsqlite3.tbd in Frameworks */ = {isa = PBXBuildFile; fileRef = F865C6621E67CD7E00C8E8F9 /* libsqlite3.tbd */; };
		F865C6651E67CD8800C8E8F9 /* libsqlite3.0.tbd in Frameworks */ = {isa = PBXBuildFile; fileRef = F865C6641E67CD8800C8E8F9 /* libsqlite3.0.tbd */; };
		F865C6671E67CDD700C8E8F9 /* Security.framework in Frameworks */ = {isa = PBXBuildFile; fileRef = F865C6661E67CDD700C8E8F9 /* Security.framework */; };
		F865C6691E67CF7600C8E8F9 /* UMMobClick.framework in Frameworks */ = {isa = PBXBuildFile; fileRef = F865C6681E67CF7600C8E8F9 /* UMMobClick.framework */; };
		F865C66B1E67D09800C8E8F9 /* Foundation.framework in Frameworks */ = {isa = PBXBuildFile; fileRef = F865C66A1E67D09800C8E8F9 /* Foundation.framework */; };
		F865C66D1E67D0A300C8E8F9 /* UIKit.framework in Frameworks */ = {isa = PBXBuildFile; fileRef = F865C66C1E67D0A300C8E8F9 /* UIKit.framework */; };
		F865C66F1E67D0B200C8E8F9 /* CoreGraphics.framework in Frameworks */ = {isa = PBXBuildFile; fileRef = F865C66E1E67D0B200C8E8F9 /* CoreGraphics.framework */; };
		F86B1BF51E69617A0016F933 /* StoreKit.framework in Frameworks */ = {isa = PBXBuildFile; fileRef = F86B1BF41E69617A0016F933 /* StoreKit.framework */; };
		F8B9782B1E55BA6B00B50535 /* main.m in Sources */ = {isa = PBXBuildFile; fileRef = F8B9782A1E55BA6B00B50535 /* main.m */; };
		F8B9782E1E55BA6B00B50535 /* AppDelegate.m in Sources */ = {isa = PBXBuildFile; fileRef = F8B9782D1E55BA6B00B50535 /* AppDelegate.m */; };
		F8B978311E55BA6B00B50535 /* ViewController.m in Sources */ = {isa = PBXBuildFile; fileRef = F8B978301E55BA6B00B50535 /* ViewController.m */; };
		F8B978341E55BA6B00B50535 /* Main.storyboard in Resources */ = {isa = PBXBuildFile; fileRef = F8B978321E55BA6B00B50535 /* Main.storyboard */; };
		F8B978361E55BA6B00B50535 /* Assets.xcassets in Resources */ = {isa = PBXBuildFile; fileRef = F8B978351E55BA6B00B50535 /* Assets.xcassets */; };
		F8B978391E55BA6B00B50535 /* LaunchScreen.storyboard in Resources */ = {isa = PBXBuildFile; fileRef = F8B978371E55BA6B00B50535 /* LaunchScreen.storyboard */; };
		F8B978441E55BA6B00B50535 /* textTests.m in Sources */ = {isa = PBXBuildFile; fileRef = F8B978431E55BA6B00B50535 /* textTests.m */; };
		F8B9784F1E55BA6B00B50535 /* textUITests.m in Sources */ = {isa = PBXBuildFile; fileRef = F8B9784E1E55BA6B00B50535 /* textUITests.m */; };
/* End PBXBuildFile section */

/* Begin PBXContainerItemProxy section */
		F8B978401E55BA6B00B50535 /* PBXContainerItemProxy */ = {
			isa = PBXContainerItemProxy;
			containerPortal = F8B9781E1E55BA6B00B50535 /* Project object */;
			proxyType = 1;
			remoteGlobalIDString = F8B978251E55BA6B00B50535;
			remoteInfo = text;
		};
		F8B9784B1E55BA6B00B50535 /* PBXContainerItemProxy */ = {
			isa = PBXContainerItemProxy;
			containerPortal = F8B9781E1E55BA6B00B50535 /* Project object */;
			proxyType = 1;
			remoteGlobalIDString = F8B978251E55BA6B00B50535;
			remoteInfo = text;
		};
/* End PBXContainerItemProxy section */

/* Begin PBXFileReference section */
		26325186399809A63C8377C0 /* Pods-textTests.debug.xcconfig */ = {isa = PBXFileReference; includeInIndex = 1; lastKnownFileType = text.xcconfig; name = "Pods-textTests.debug.xcconfig"; path = "Pods/Target Support Files/Pods-textTests/Pods-textTests.debug.xcconfig"; sourceTree = "<group>"; };
		37A24230C96A53B4C46A7A95 /* libPods-textTests.a */ = {isa = PBXFileReference; explicitFileType = archive.ar; includeInIndex = 0; path = "libPods-textTests.a"; sourceTree = BUILT_PRODUCTS_DIR; };
		AC045ABCD133D6E4B982FADD /* Pods-textTests.release.xcconfig */ = {isa = PBXFileReference; includeInIndex = 1; lastKnownFileType = text.xcconfig; name = "Pods-textTests.release.xcconfig"; path = "Pods/Target Support Files/Pods-textTests/Pods-textTests.release.xcconfig"; sourceTree = "<group>"; };
		D1EA2A64E8BBA32F0FF862B0 /* libPods-text.a */ = {isa = PBXFileReference; explicitFileType = archive.ar; includeInIndex = 0; path = "libPods-text.a"; sourceTree = BUILT_PRODUCTS_DIR; };
		E866AFFB536052D1E1E97183 /* Pods-text.debug.xcconfig */ = {isa = PBXFileReference; includeInIndex = 1; lastKnownFileType = text.xcconfig; name = "Pods-text.debug.xcconfig"; path = "Pods/Target Support Files/Pods-text/Pods-text.debug.xcconfig"; sourceTree = "<group>"; };
		EAB644EE8D7B8A3A85AE22D0 /* Pods-text.release.xcconfig */ = {isa = PBXFileReference; includeInIndex = 1; lastKnownFileType = text.xcconfig; name = "Pods-text.release.xcconfig"; path = "Pods/Target Support Files/Pods-text/Pods-text.release.xcconfig"; sourceTree = "<group>"; };
		F80B381C1E5E939D004D1057 /* SecondViewController.h */ = {isa = PBXFileReference; fileEncoding = 4; lastKnownFileType = sourcecode.c.h; path = SecondViewController.h; sourceTree = "<group>"; };
		F80B381D1E5E939D004D1057 /* SecondViewController.m */ = {isa = PBXFileReference; fileEncoding = 4; lastKnownFileType = sourcecode.c.objc; path = SecondViewController.m; sourceTree = "<group>"; };
		F84F5C2C1E6676FC00656899 /* OpenUDID.h */ = {isa = PBXFileReference; fileEncoding = 4; lastKnownFileType = sourcecode.c.h; path = OpenUDID.h; sourceTree = "<group>"; };
		F84F5C2D1E6676FC00656899 /* OpenUDID.m */ = {isa = PBXFileReference; fileEncoding = 4; lastKnownFileType = sourcecode.c.objc; path = OpenUDID.m; sourceTree = "<group>"; };
		F84F5C2E1E6676FC00656899 /* PDKeyChain.h */ = {isa = PBXFileReference; fileEncoding = 4; lastKnownFileType = sourcecode.c.h; path = PDKeyChain.h; sourceTree = "<group>"; };
		F84F5C2F1E6676FC00656899 /* PDKeyChain.m */ = {isa = PBXFileReference; fileEncoding = 4; lastKnownFileType = sourcecode.c.objc; path = PDKeyChain.m; sourceTree = "<group>"; };
		F84F5C301E6676FC00656899 /* README.md */ = {isa = PBXFileReference; fileEncoding = 4; lastKnownFileType = net.daringfireball.markdown; path = README.md; sourceTree = "<group>"; };
		F85E22FB1E6D347D00F3BB12 /* index.html */ = {isa = PBXFileReference; fileEncoding = 4; lastKnownFileType = text.html; path = index.html; sourceTree = SOURCE_ROOT; };
		F85FD24C1E890CF8007A11CB /* GetFundAnimationView.h */ = {isa = PBXFileReference; fileEncoding = 4; lastKnownFileType = sourcecode.c.h; path = GetFundAnimationView.h; sourceTree = "<group>"; };
		F85FD24D1E890CF8007A11CB /* GetFundAnimationView.m */ = {isa = PBXFileReference; fileEncoding = 4; lastKnownFileType = sourcecode.c.objc; path = GetFundAnimationView.m; sourceTree = "<group>"; };
		F865C65E1E67CD2300C8E8F9 /* CoreTelephony.framework */ = {isa = PBXFileReference; lastKnownFileType = wrapper.framework; name = CoreTelephony.framework; path = System/Library/Frameworks/CoreTelephony.framework; sourceTree = SDKROOT; };
		F865C6601E67CD3C00C8E8F9 /* libz.tbd */ = {isa = PBXFileReference; lastKnownFileType = "sourcecode.text-based-dylib-definition"; name = libz.tbd; path = usr/lib/libz.tbd; sourceTree = SDKROOT; };
		F865C6621E67CD7E00C8E8F9 /* libsqlite3.tbd */ = {isa = PBXFileReference; lastKnownFileType = "sourcecode.text-based-dylib-definition"; name = libsqlite3.tbd; path = usr/lib/libsqlite3.tbd; sourceTree = SDKROOT; };
		F865C6641E67CD8800C8E8F9 /* libsqlite3.0.tbd */ = {isa = PBXFileReference; lastKnownFileType = "sourcecode.text-based-dylib-definition"; name = libsqlite3.0.tbd; path = usr/lib/libsqlite3.0.tbd; sourceTree = SDKROOT; };
		F865C6661E67CDD700C8E8F9 /* Security.framework */ = {isa = PBXFileReference; lastKnownFileType = wrapper.framework; name = Security.framework; path = System/Library/Frameworks/Security.framework; sourceTree = SDKROOT; };
		F865C6681E67CF7600C8E8F9 /* UMMobClick.framework */ = {isa = PBXFileReference; lastKnownFileType = wrapper.framework; name = UMMobClick.framework; path = Pods/UMengAnalytics/umsdk_IOS_analyics_idfa_v4.2.4/UMMobClick.framework; sourceTree = "<group>"; };
		F865C66A1E67D09800C8E8F9 /* Foundation.framework */ = {isa = PBXFileReference; lastKnownFileType = wrapper.framework; name = Foundation.framework; path = System/Library/Frameworks/Foundation.framework; sourceTree = SDKROOT; };
		F865C66C1E67D0A300C8E8F9 /* UIKit.framework */ = {isa = PBXFileReference; lastKnownFileType = wrapper.framework; name = UIKit.framework; path = System/Library/Frameworks/UIKit.framework; sourceTree = SDKROOT; };
		F865C66E1E67D0B200C8E8F9 /* CoreGraphics.framework */ = {isa = PBXFileReference; lastKnownFileType = wrapper.framework; name = CoreGraphics.framework; path = System/Library/Frameworks/CoreGraphics.framework; sourceTree = SDKROOT; };
		F86B1BF41E69617A0016F933 /* StoreKit.framework */ = {isa = PBXFileReference; lastKnownFileType = wrapper.framework; name = StoreKit.framework; path = System/Library/Frameworks/StoreKit.framework; sourceTree = SDKROOT; };
		F8B978261E55BA6B00B50535 /* text.app */ = {isa = PBXFileReference; explicitFileType = wrapper.application; includeInIndex = 0; path = text.app; sourceTree = BUILT_PRODUCTS_DIR; };
		F8B9782A1E55BA6B00B50535 /* main.m */ = {isa = PBXFileReference; lastKnownFileType = sourcecode.c.objc; path = main.m; sourceTree = "<group>"; };
		F8B9782C1E55BA6B00B50535 /* AppDelegate.h */ = {isa = PBXFileReference; lastKnownFileType = sourcecode.c.h; path = AppDelegate.h; sourceTree = "<group>"; };
		F8B9782D1E55BA6B00B50535 /* AppDelegate.m */ = {isa = PBXFileReference; lastKnownFileType = sourcecode.c.objc; path = AppDelegate.m; sourceTree = "<group>"; };
		F8B9782F1E55BA6B00B50535 /* ViewController.h */ = {isa = PBXFileReference; lastKnownFileType = sourcecode.c.h; path = ViewController.h; sourceTree = "<group>"; };
		F8B978301E55BA6B00B50535 /* ViewController.m */ = {isa = PBXFileReference; lastKnownFileType = sourcecode.c.objc; path = ViewController.m; sourceTree = "<group>"; };
		F8B978331E55BA6B00B50535 /* Base */ = {isa = PBXFileReference; lastKnownFileType = file.storyboard; name = Base; path = Base.lproj/Main.storyboard; sourceTree = "<group>"; };
		F8B978351E55BA6B00B50535 /* Assets.xcassets */ = {isa = PBXFileReference; lastKnownFileType = folder.assetcatalog; path = Assets.xcassets; sourceTree = "<group>"; };
		F8B978381E55BA6B00B50535 /* Base */ = {isa = PBXFileReference; lastKnownFileType = file.storyboard; name = Base; path = Base.lproj/LaunchScreen.storyboard; sourceTree = "<group>"; };
		F8B9783A1E55BA6B00B50535 /* Info.plist */ = {isa = PBXFileReference; lastKnownFileType = text.plist.xml; path = Info.plist; sourceTree = "<group>"; };
		F8B9783F1E55BA6B00B50535 /* textTests.xctest */ = {isa = PBXFileReference; explicitFileType = wrapper.cfbundle; includeInIndex = 0; path = textTests.xctest; sourceTree = BUILT_PRODUCTS_DIR; };
		F8B978431E55BA6B00B50535 /* textTests.m */ = {isa = PBXFileReference; lastKnownFileType = sourcecode.c.objc; path = textTests.m; sourceTree = "<group>"; };
		F8B978451E55BA6B00B50535 /* Info.plist */ = {isa = PBXFileReference; lastKnownFileType = text.plist.xml; path = Info.plist; sourceTree = "<group>"; };
		F8B9784A1E55BA6B00B50535 /* textUITests.xctest */ = {isa = PBXFileReference; explicitFileType = wrapper.cfbundle; includeInIndex = 0; path = textUITests.xctest; sourceTree = BUILT_PRODUCTS_DIR; };
		F8B9784E1E55BA6B00B50535 /* textUITests.m */ = {isa = PBXFileReference; lastKnownFileType = sourcecode.c.objc; path = textUITests.m; sourceTree = "<group>"; };
		F8B978501E55BA6B00B50535 /* Info.plist */ = {isa = PBXFileReference; lastKnownFileType = text.plist.xml; path = Info.plist; sourceTree = "<group>"; };
/* End PBXFileReference section */

/* Begin PBXFrameworksBuildPhase section */
		F8B978231E55BA6B00B50535 /* Frameworks */ = {
			isa = PBXFrameworksBuildPhase;
			buildActionMask = 2147483647;
			files = (
				F86B1BF51E69617A0016F933 /* StoreKit.framework in Frameworks */,
				F865C66F1E67D0B200C8E8F9 /* CoreGraphics.framework in Frameworks */,
				F865C66D1E67D0A300C8E8F9 /* UIKit.framework in Frameworks */,
				F865C66B1E67D09800C8E8F9 /* Foundation.framework in Frameworks */,
				F865C6691E67CF7600C8E8F9 /* UMMobClick.framework in Frameworks */,
				F865C6671E67CDD700C8E8F9 /* Security.framework in Frameworks */,
				F865C6651E67CD8800C8E8F9 /* libsqlite3.0.tbd in Frameworks */,
				F865C6631E67CD7E00C8E8F9 /* libsqlite3.tbd in Frameworks */,
				F865C6611E67CD3C00C8E8F9 /* libz.tbd in Frameworks */,
				F865C65F1E67CD2300C8E8F9 /* CoreTelephony.framework in Frameworks */,
				86B615B788C79513C8C5245A /* libPods-text.a in Frameworks */,
			);
			runOnlyForDeploymentPostprocessing = 0;
		};
		F8B9783C1E55BA6B00B50535 /* Frameworks */ = {
			isa = PBXFrameworksBuildPhase;
			buildActionMask = 2147483647;
			files = (
				DDCA90AE1C269D7DD3A6DE3F /* libPods-textTests.a in Frameworks */,
			);
			runOnlyForDeploymentPostprocessing = 0;
		};
		F8B978471E55BA6B00B50535 /* Frameworks */ = {
			isa = PBXFrameworksBuildPhase;
			buildActionMask = 2147483647;
			files = (
			);
			runOnlyForDeploymentPostprocessing = 0;
		};
/* End PBXFrameworksBuildPhase section */

/* Begin PBXGroup section */
		2FD7E01B70ACC6034B7FA161 /* Pods */ = {
			isa = PBXGroup;
			children = (
				E866AFFB536052D1E1E97183 /* Pods-text.debug.xcconfig */,
				EAB644EE8D7B8A3A85AE22D0 /* Pods-text.release.xcconfig */,
				26325186399809A63C8377C0 /* Pods-textTests.debug.xcconfig */,
				AC045ABCD133D6E4B982FADD /* Pods-textTests.release.xcconfig */,
			);
			name = Pods;
			sourceTree = "<group>";
		};
		966303F61C9E374A805E68B0 /* Frameworks */ = {
			isa = PBXGroup;
			children = (
				F86B1BF41E69617A0016F933 /* StoreKit.framework */,
				F865C66E1E67D0B200C8E8F9 /* CoreGraphics.framework */,
				F865C66C1E67D0A300C8E8F9 /* UIKit.framework */,
				F865C66A1E67D09800C8E8F9 /* Foundation.framework */,
				F865C6681E67CF7600C8E8F9 /* UMMobClick.framework */,
				F865C6661E67CDD700C8E8F9 /* Security.framework */,
				F865C6641E67CD8800C8E8F9 /* libsqlite3.0.tbd */,
				F865C6621E67CD7E00C8E8F9 /* libsqlite3.tbd */,
				F865C6601E67CD3C00C8E8F9 /* libz.tbd */,
				F865C65E1E67CD2300C8E8F9 /* CoreTelephony.framework */,
				D1EA2A64E8BBA32F0FF862B0 /* libPods-text.a */,
				37A24230C96A53B4C46A7A95 /* libPods-textTests.a */,
			);
			name = Frameworks;
			sourceTree = "<group>";
		};
		F84F5C2B1E6676FC00656899 /* OpneUDID */ = {
			isa = PBXGroup;
			children = (
				F84F5C2C1E6676FC00656899 /* OpenUDID.h */,
				F84F5C2D1E6676FC00656899 /* OpenUDID.m */,
				F84F5C2E1E6676FC00656899 /* PDKeyChain.h */,
				F84F5C2F1E6676FC00656899 /* PDKeyChain.m */,
				F84F5C301E6676FC00656899 /* README.md */,
			);
			path = OpneUDID;
			sourceTree = "<group>";
		};
		F8B9781D1E55BA6B00B50535 = {
			isa = PBXGroup;
			children = (
				F8B978281E55BA6B00B50535 /* text */,
				F8B978421E55BA6B00B50535 /* textTests */,
				F8B9784D1E55BA6B00B50535 /* textUITests */,
				F8B978271E55BA6B00B50535 /* Products */,
				2FD7E01B70ACC6034B7FA161 /* Pods */,
				966303F61C9E374A805E68B0 /* Frameworks */,
			);
			sourceTree = "<group>";
		};
		F8B978271E55BA6B00B50535 /* Products */ = {
			isa = PBXGroup;
			children = (
				F8B978261E55BA6B00B50535 /* text.app */,
				F8B9783F1E55BA6B00B50535 /* textTests.xctest */,
				F8B9784A1E55BA6B00B50535 /* textUITests.xctest */,
			);
			name = Products;
			sourceTree = "<group>";
		};
		F8B978281E55BA6B00B50535 /* text */ = {
			isa = PBXGroup;
			children = (
				F84F5C2B1E6676FC00656899 /* OpneUDID */,
				F8B9782C1E55BA6B00B50535 /* AppDelegate.h */,
				F8B9782D1E55BA6B00B50535 /* AppDelegate.m */,
				F8B9782F1E55BA6B00B50535 /* ViewController.h */,
				F8B978301E55BA6B00B50535 /* ViewController.m */,
				F85FD24C1E890CF8007A11CB /* GetFundAnimationView.h */,
				F85FD24D1E890CF8007A11CB /* GetFundAnimationView.m */,
				F85E22FB1E6D347D00F3BB12 /* index.html */,
				F80B381C1E5E939D004D1057 /* SecondViewController.h */,
				F80B381D1E5E939D004D1057 /* SecondViewController.m */,
				F8B978321E55BA6B00B50535 /* Main.storyboard */,
				F8B978351E55BA6B00B50535 /* Assets.xcassets */,
				F8B978371E55BA6B00B50535 /* LaunchScreen.storyboard */,
				F8B9783A1E55BA6B00B50535 /* Info.plist */,
				F8B978291E55BA6B00B50535 /* Supporting Files */,
			);
			path = text;
			sourceTree = "<group>";
		};
		F8B978291E55BA6B00B50535 /* Supporting Files */ = {
			isa = PBXGroup;
			children = (
				F8B9782A1E55BA6B00B50535 /* main.m */,
			);
			name = "Supporting Files";
			sourceTree = "<group>";
		};
		F8B978421E55BA6B00B50535 /* textTests */ = {
			isa = PBXGroup;
			children = (
				F8B978431E55BA6B00B50535 /* textTests.m */,
				F8B978451E55BA6B00B50535 /* Info.plist */,
			);
			path = textTests;
			sourceTree = "<group>";
		};
		F8B9784D1E55BA6B00B50535 /* textUITests */ = {
			isa = PBXGroup;
			children = (
				F8B9784E1E55BA6B00B50535 /* textUITests.m */,
				F8B978501E55BA6B00B50535 /* Info.plist */,
			);
			path = textUITests;
			sourceTree = "<group>";
		};
/* End PBXGroup section */

/* Begin PBXNativeTarget section */
		F8B978251E55BA6B00B50535 /* text */ = {
			isa = PBXNativeTarget;
			buildConfigurationList = F8B978531E55BA6B00B50535 /* Build configuration list for PBXNativeTarget "text" */;
			buildPhases = (
				6A13D41E6EC91879E9C73A2F /* [CP] Check Pods Manifest.lock */,
				F8B978221E55BA6B00B50535 /* Sources */,
				F8B978231E55BA6B00B50535 /* Frameworks */,
				F8B978241E55BA6B00B50535 /* Resources */,
				EAC678771EC555692A2BF61C /* [CP] Embed Pods Frameworks */,
				5D58F7E8D7E8A9FF2719A78E /* [CP] Copy Pods Resources */,
			);
			buildRules = (
			);
			dependencies = (
			);
			name = text;
			productName = text;
			productReference = F8B978261E55BA6B00B50535 /* text.app */;
			productType = "com.apple.product-type.application";
		};
		F8B9783E1E55BA6B00B50535 /* textTests */ = {
			isa = PBXNativeTarget;
			buildConfigurationList = F8B978561E55BA6B00B50535 /* Build configuration list for PBXNativeTarget "textTests" */;
			buildPhases = (
				1828427EAD7317EF071E84B9 /* [CP] Check Pods Manifest.lock */,
				F8B9783B1E55BA6B00B50535 /* Sources */,
				F8B9783C1E55BA6B00B50535 /* Frameworks */,
				F8B9783D1E55BA6B00B50535 /* Resources */,
				C553BEB847186F263F353ACF /* [CP] Embed Pods Frameworks */,
				9B9782D9A7663E07F25B5EC6 /* [CP] Copy Pods Resources */,
			);
			buildRules = (
			);
			dependencies = (
				F8B978411E55BA6B00B50535 /* PBXTargetDependency */,
			);
			name = textTests;
			productName = textTests;
			productReference = F8B9783F1E55BA6B00B50535 /* textTests.xctest */;
			productType = "com.apple.product-type.bundle.unit-test";
		};
		F8B978491E55BA6B00B50535 /* textUITests */ = {
			isa = PBXNativeTarget;
			buildConfigurationList = F8B978591E55BA6B00B50535 /* Build configuration list for PBXNativeTarget "textUITests" */;
			buildPhases = (
				F8B978461E55BA6B00B50535 /* Sources */,
				F8B978471E55BA6B00B50535 /* Frameworks */,
				F8B978481E55BA6B00B50535 /* Resources */,
			);
			buildRules = (
			);
			dependencies = (
				F8B9784C1E55BA6B00B50535 /* PBXTargetDependency */,
			);
			name = textUITests;
			productName = textUITests;
			productReference = F8B9784A1E55BA6B00B50535 /* textUITests.xctest */;
			productType = "com.apple.product-type.bundle.ui-testing";
		};
/* End PBXNativeTarget section */

/* Begin PBXProject section */
		F8B9781E1E55BA6B00B50535 /* Project object */ = {
			isa = PBXProject;
			attributes = {
				LastUpgradeCheck = 0820;
				ORGANIZATIONNAME = "余晔";
				TargetAttributes = {
					F8B978251E55BA6B00B50535 = {
						CreatedOnToolsVersion = 8.2.1;
						DevelopmentTeam = J4E37J446A;
						ProvisioningStyle = Automatic;
					};
					F8B9783E1E55BA6B00B50535 = {
						CreatedOnToolsVersion = 8.2.1;
						ProvisioningStyle = Automatic;
						TestTargetID = F8B978251E55BA6B00B50535;
					};
					F8B978491E55BA6B00B50535 = {
						CreatedOnToolsVersion = 8.2.1;
						ProvisioningStyle = Automatic;
						TestTargetID = F8B978251E55BA6B00B50535;
					};
				};
			};
			buildConfigurationList = F8B978211E55BA6B00B50535 /* Build configuration list for PBXProject "text" */;
			compatibilityVersion = "Xcode 3.2";
			developmentRegion = English;
			hasScannedForEncodings = 0;
			knownRegions = (
				en,
				Base,
			);
			mainGroup = F8B9781D1E55BA6B00B50535;
			productRefGroup = F8B978271E55BA6B00B50535 /* Products */;
			projectDirPath = "";
			projectRoot = "";
			targets = (
				F8B978251E55BA6B00B50535 /* text */,
				F8B9783E1E55BA6B00B50535 /* textTests */,
				F8B978491E55BA6B00B50535 /* textUITests */,
			);
		};
/* End PBXProject section */

/* Begin PBXResourcesBuildPhase section */
		F8B978241E55BA6B00B50535 /* Resources */ = {
			isa = PBXResourcesBuildPhase;
			buildActionMask = 2147483647;
			files = (
				F8B978391E55BA6B00B50535 /* LaunchScreen.storyboard in Resources */,
				F85E22FC1E6D347D00F3BB12 /* index.html in Resources */,
				F8B978361E55BA6B00B50535 /* Assets.xcassets in Resources */,
				F8B978341E55BA6B00B50535 /* Main.storyboard in Resources */,
			);
			runOnlyForDeploymentPostprocessing = 0;
		};
		F8B9783D1E55BA6B00B50535 /* Resources */ = {
			isa = PBXResourcesBuildPhase;
			buildActionMask = 2147483647;
			files = (
			);
			runOnlyForDeploymentPostprocessing = 0;
		};
		F8B978481E55BA6B00B50535 /* Resources */ = {
			isa = PBXResourcesBuildPhase;
			buildActionMask = 2147483647;
			files = (
			);
			runOnlyForDeploymentPostprocessing = 0;
		};
/* End PBXResourcesBuildPhase section */

/* Begin PBXShellScriptBuildPhase section */
		1828427EAD7317EF071E84B9 /* [CP] Check Pods Manifest.lock */ = {
			isa = PBXShellScriptBuildPhase;
			buildActionMask = 2147483647;
			files = (
			);
			inputPaths = (
			);
			name = "[CP] Check Pods Manifest.lock";
			outputPaths = (
			);
			runOnlyForDeploymentPostprocessing = 0;
			shellPath = /bin/sh;
			shellScript = "diff \"${PODS_ROOT}/../Podfile.lock\" \"${PODS_ROOT}/Manifest.lock\" > /dev/null\nif [ $? != 0 ] ; then\n    # print error to STDERR\n    echo \"error: The sandbox is not in sync with the Podfile.lock. Run 'pod install' or update your CocoaPods installation.\" >&2\n    exit 1\nfi\n";
			showEnvVarsInLog = 0;
		};
		5D58F7E8D7E8A9FF2719A78E /* [CP] Copy Pods Resources */ = {
			isa = PBXShellScriptBuildPhase;
			buildActionMask = 2147483647;
			files = (
			);
			inputPaths = (
			);
			name = "[CP] Copy Pods Resources";
			outputPaths = (
			);
			runOnlyForDeploymentPostprocessing = 0;
			shellPath = /bin/sh;
			shellScript = "\"${SRCROOT}/Pods/Target Support Files/Pods-text/Pods-text-resources.sh\"\n";
			showEnvVarsInLog = 0;
		};
		6A13D41E6EC91879E9C73A2F /* [CP] Check Pods Manifest.lock */ = {
			isa = PBXShellScriptBuildPhase;
			buildActionMask = 2147483647;
			files = (
			);
			inputPaths = (
			);
			name = "[CP] Check Pods Manifest.lock";
			outputPaths = (
			);
			runOnlyForDeploymentPostprocessing = 0;
			shellPath = /bin/sh;
			shellScript = "diff \"${PODS_ROOT}/../Podfile.lock\" \"${PODS_ROOT}/Manifest.lock\" > /dev/null\nif [ $? != 0 ] ; then\n    # print error to STDERR\n    echo \"error: The sandbox is not in sync with the Podfile.lock. Run 'pod install' or update your CocoaPods installation.\" >&2\n    exit 1\nfi\n";
			showEnvVarsInLog = 0;
		};
		9B9782D9A7663E07F25B5EC6 /* [CP] Copy Pods Resources */ = {
			isa = PBXShellScriptBuildPhase;
			buildActionMask = 2147483647;
			files = (
			);
			inputPaths = (
			);
			name = "[CP] Copy Pods Resources";
			outputPaths = (
			);
			runOnlyForDeploymentPostprocessing = 0;
			shellPath = /bin/sh;
			shellScript = "\"${SRCROOT}/Pods/Target Support Files/Pods-textTests/Pods-textTests-resources.sh\"\n";
			showEnvVarsInLog = 0;
		};
		C553BEB847186F263F353ACF /* [CP] Embed Pods Frameworks */ = {
			isa = PBXShellScriptBuildPhase;
			buildActionMask = 2147483647;
			files = (
			);
			inputPaths = (
			);
			name = "[CP] Embed Pods Frameworks";
			outputPaths = (
			);
			runOnlyForDeploymentPostprocessing = 0;
			shellPath = /bin/sh;
			shellScript = "\"${SRCROOT}/Pods/Target Support Files/Pods-textTests/Pods-textTests-frameworks.sh\"\n";
			showEnvVarsInLog = 0;
		};
		EAC678771EC555692A2BF61C /* [CP] Embed Pods Frameworks */ = {
			isa = PBXShellScriptBuildPhase;
			buildActionMask = 2147483647;
			files = (
			);
			inputPaths = (
			);
			name = "[CP] Embed Pods Frameworks";
			outputPaths = (
			);
			runOnlyForDeploymentPostprocessing = 0;
			shellPath = /bin/sh;
			shellScript = "\"${SRCROOT}/Pods/Target Support Files/Pods-text/Pods-text-frameworks.sh\"\n";
			showEnvVarsInLog = 0;
		};
/* End PBXShellScriptBuildPhase section */

/* Begin PBXSourcesBuildPhase section */
		F8B978221E55BA6B00B50535 /* Sources */ = {
			isa = PBXSourcesBuildPhase;
			buildActionMask = 2147483647;
			files = (
				F80B381E1E5E939D004D1057 /* SecondViewController.m in Sources */,
				F85FD24E1E890CF8007A11CB /* GetFundAnimationView.m in Sources */,
				F84F5C321E6676FC00656899 /* PDKeyChain.m in Sources */,
				F8B978311E55BA6B00B50535 /* ViewController.m in Sources */,
				F84F5C331E6676FC00656899 /* README.md in Sources */,
				F8B9782E1E55BA6B00B50535 /* AppDelegate.m in Sources */,
				F8B9782B1E55BA6B00B50535 /* main.m in Sources */,
				F84F5C311E6676FC00656899 /* OpenUDID.m in Sources */,
			);
			runOnlyForDeploymentPostprocessing = 0;
		};
		F8B9783B1E55BA6B00B50535 /* Sources */ = {
			isa = PBXSourcesBuildPhase;
			buildActionMask = 2147483647;
			files = (
				F8B978441E55BA6B00B50535 /* textTests.m in Sources */,
			);
			runOnlyForDeploymentPostprocessing = 0;
		};
		F8B978461E55BA6B00B50535 /* Sources */ = {
			isa = PBXSourcesBuildPhase;
			buildActionMask = 2147483647;
			files = (
				F8B9784F1E55BA6B00B50535 /* textUITests.m in Sources */,
			);
			runOnlyForDeploymentPostprocessing = 0;
		};
/* End PBXSourcesBuildPhase section */

/* Begin PBXTargetDependency section */
		F8B978411E55BA6B00B50535 /* PBXTargetDependency */ = {
			isa = PBXTargetDependency;
			target = F8B978251E55BA6B00B50535 /* text */;
			targetProxy = F8B978401E55BA6B00B50535 /* PBXContainerItemProxy */;
		};
		F8B9784C1E55BA6B00B50535 /* PBXTargetDependency */ = {
			isa = PBXTargetDependency;
			target = F8B978251E55BA6B00B50535 /* text */;
			targetProxy = F8B9784B1E55BA6B00B50535 /* PBXContainerItemProxy */;
		};
/* End PBXTargetDependency section */

/* Begin PBXVariantGroup section */
		F8B978321E55BA6B00B50535 /* Main.storyboard */ = {
			isa = PBXVariantGroup;
			children = (
				F8B978331E55BA6B00B50535 /* Base */,
			);
			name = Main.storyboard;
			sourceTree = "<group>";
		};
		F8B978371E55BA6B00B50535 /* LaunchScreen.storyboard */ = {
			isa = PBXVariantGroup;
			children = (
				F8B978381E55BA6B00B50535 /* Base */,
			);
			name = LaunchScreen.storyboard;
			sourceTree = "<group>";
		};
/* End PBXVariantGroup section */

/* Begin XCBuildConfiguration section */
		F8B978511E55BA6B00B50535 /* Debug */ = {
			isa = XCBuildConfiguration;
			buildSettings = {
				ALWAYS_SEARCH_USER_PATHS = NO;
				CLANG_ANALYZER_NONNULL = YES;
				CLANG_CXX_LANGUAGE_STANDARD = "gnu++0x";
				CLANG_CXX_LIBRARY = "libc++";
				CLANG_ENABLE_MODULES = YES;
				CLANG_ENABLE_OBJC_ARC = YES;
				CLANG_WARN_BOOL_CONVERSION = YES;
				CLANG_WARN_CONSTANT_CONVERSION = YES;
				CLANG_WARN_DIRECT_OBJC_ISA_USAGE = YES_ERROR;
				CLANG_WARN_DOCUMENTATION_COMMENTS = YES;
				CLANG_WARN_EMPTY_BODY = YES;
				CLANG_WARN_ENUM_CONVERSION = YES;
				CLANG_WARN_INFINITE_RECURSION = YES;
				CLANG_WARN_INT_CONVERSION = YES;
				CLANG_WARN_OBJC_ROOT_CLASS = YES_ERROR;
				CLANG_WARN_SUSPICIOUS_MOVE = YES;
				CLANG_WARN_UNREACHABLE_CODE = YES;
				CLANG_WARN__DUPLICATE_METHOD_MATCH = YES;
				"CODE_SIGN_IDENTITY[sdk=iphoneos*]" = "iPhone Developer";
				COPY_PHASE_STRIP = NO;
				DEBUG_INFORMATION_FORMAT = dwarf;
				ENABLE_STRICT_OBJC_MSGSEND = YES;
				ENABLE_TESTABILITY = YES;
				GCC_C_LANGUAGE_STANDARD = gnu99;
				GCC_DYNAMIC_NO_PIC = NO;
				GCC_NO_COMMON_BLOCKS = YES;
				GCC_OPTIMIZATION_LEVEL = 0;
				GCC_PREPROCESSOR_DEFINITIONS = (
					"DEBUG=1",
					"$(inherited)",
				);
				GCC_WARN_64_TO_32_BIT_CONVERSION = YES;
				GCC_WARN_ABOUT_RETURN_TYPE = YES_ERROR;
				GCC_WARN_UNDECLARED_SELECTOR = YES;
				GCC_WARN_UNINITIALIZED_AUTOS = YES_AGGRESSIVE;
				GCC_WARN_UNUSED_FUNCTION = YES;
				GCC_WARN_UNUSED_VARIABLE = YES;
				IPHONEOS_DEPLOYMENT_TARGET = 10.2;
				MTL_ENABLE_DEBUG_INFO = YES;
				ONLY_ACTIVE_ARCH = YES;
				SDKROOT = iphoneos;
			};
			name = Debug;
		};
		F8B978521E55BA6B00B50535 /* Release */ = {
			isa = XCBuildConfiguration;
			buildSettings = {
				ALWAYS_SEARCH_USER_PATHS = NO;
				CLANG_ANALYZER_NONNULL = YES;
				CLANG_CXX_LANGUAGE_STANDARD = "gnu++0x";
				CLANG_CXX_LIBRARY = "libc++";
				CLANG_ENABLE_MODULES = YES;
				CLANG_ENABLE_OBJC_ARC = YES;
				CLANG_WARN_BOOL_CONVERSION = YES;
				CLANG_WARN_CONSTANT_CONVERSION = YES;
				CLANG_WARN_DIRECT_OBJC_ISA_USAGE = YES_ERROR;
				CLANG_WARN_DOCUMENTATION_COMMENTS = YES;
				CLANG_WARN_EMPTY_BODY = YES;
				CLANG_WARN_ENUM_CONVERSION = YES;
				CLANG_WARN_INFINITE_RECURSION = YES;
				CLANG_WARN_INT_CONVERSION = YES;
				CLANG_WARN_OBJC_ROOT_CLASS = YES_ERROR;
				CLANG_WARN_SUSPICIOUS_MOVE = YES;
				CLANG_WARN_UNREACHABLE_CODE = YES;
				CLANG_WARN__DUPLICATE_METHOD_MATCH = YES;
				"CODE_SIGN_IDENTITY[sdk=iphoneos*]" = "iPhone Developer";
				COPY_PHASE_STRIP = NO;
				DEBUG_INFORMATION_FORMAT = "dwarf-with-dsym";
				ENABLE_NS_ASSERTIONS = NO;
				ENABLE_STRICT_OBJC_MSGSEND = YES;
				GCC_C_LANGUAGE_STANDARD = gnu99;
				GCC_NO_COMMON_BLOCKS = YES;
				GCC_WARN_64_TO_32_BIT_CONVERSION = YES;
				GCC_WARN_ABOUT_RETURN_TYPE = YES_ERROR;
				GCC_WARN_UNDECLARED_SELECTOR = YES;
				GCC_WARN_UNINITIALIZED_AUTOS = YES_AGGRESSIVE;
				GCC_WARN_UNUSED_FUNCTION = YES;
				GCC_WARN_UNUSED_VARIABLE = YES;
				IPHONEOS_DEPLOYMENT_TARGET = 10.2;
				MTL_ENABLE_DEBUG_INFO = NO;
				SDKROOT = iphoneos;
				VALIDATE_PRODUCT = YES;
			};
			name = Release;
		};
		F8B978541E55BA6B00B50535 /* Debug */ = {
			isa = XCBuildConfiguration;
			baseConfigurationReference = E866AFFB536052D1E1E97183 /* Pods-text.debug.xcconfig */;
			buildSettings = {
				ASSETCATALOG_COMPILER_APPICON_NAME = AppIcon;
				DEVELOPMENT_TEAM = J4E37J446A;
				FRAMEWORK_SEARCH_PATHS = (
					"$(inherited)",
					"$(PROJECT_DIR)/text/umsdk_IOS_analyics_idfa_v4.2.4",
					"$(PROJECT_DIR)/Pods/UMengAnalytics/umsdk_IOS_analyics_idfa_v4.2.4",
				);
				INFOPLIST_FILE = text/Info.plist;
				IPHONEOS_DEPLOYMENT_TARGET = 8.0;
				LD_RUNPATH_SEARCH_PATHS = "$(inherited) @executable_path/Frameworks";
				PRODUCT_BUNDLE_IDENTIFIER = yuye.text;
				PRODUCT_NAME = "$(TARGET_NAME)";
			};
			name = Debug;
		};
		F8B978551E55BA6B00B50535 /* Release */ = {
			isa = XCBuildConfiguration;
			baseConfigurationReference = EAB644EE8D7B8A3A85AE22D0 /* Pods-text.release.xcconfig */;
			buildSettings = {
				ASSETCATALOG_COMPILER_APPICON_NAME = AppIcon;
				DEVELOPMENT_TEAM = J4E37J446A;
				FRAMEWORK_SEARCH_PATHS = (
					"$(inherited)",
					"$(PROJECT_DIR)/text/umsdk_IOS_analyics_idfa_v4.2.4",
					"$(PROJECT_DIR)/Pods/UMengAnalytics/umsdk_IOS_analyics_idfa_v4.2.4",
				);
				INFOPLIST_FILE = text/Info.plist;
				IPHONEOS_DEPLOYMENT_TARGET = 8.0;
				LD_RUNPATH_SEARCH_PATHS = "$(inherited) @executable_path/Frameworks";
				PRODUCT_BUNDLE_IDENTIFIER = yuye.text;
				PRODUCT_NAME = "$(TARGET_NAME)";
			};
			name = Release;
		};
		F8B978571E55BA6B00B50535 /* Debug */ = {
			isa = XCBuildConfiguration;
			baseConfigurationReference = 26325186399809A63C8377C0 /* Pods-textTests.debug.xcconfig */;
			buildSettings = {
				BUNDLE_LOADER = "$(TEST_HOST)";
				INFOPLIST_FILE = textTests/Info.plist;
				LD_RUNPATH_SEARCH_PATHS = "$(inherited) @executable_path/Frameworks @loader_path/Frameworks";
				PRODUCT_BUNDLE_IDENTIFIER = yuye.textTests;
				PRODUCT_NAME = "$(TARGET_NAME)";
				TEST_HOST = "$(BUILT_PRODUCTS_DIR)/text.app/text";
			};
			name = Debug;
		};
		F8B978581E55BA6B00B50535 /* Release */ = {
			isa = XCBuildConfiguration;
			baseConfigurationReference = AC045ABCD133D6E4B982FADD /* Pods-textTests.release.xcconfig */;
			buildSettings = {
				BUNDLE_LOADER = "$(TEST_HOST)";
				INFOPLIST_FILE = textTests/Info.plist;
				LD_RUNPATH_SEARCH_PATHS = "$(inherited) @executable_path/Frameworks @loader_path/Frameworks";
				PRODUCT_BUNDLE_IDENTIFIER = yuye.textTests;
				PRODUCT_NAME = "$(TARGET_NAME)";
				TEST_HOST = "$(BUILT_PRODUCTS_DIR)/text.app/text";
			};
			name = Release;
		};
		F8B9785A1E55BA6B00B50535 /* Debug */ = {
			isa = XCBuildConfiguration;
			buildSettings = {
				INFOPLIST_FILE = textUITests/Info.plist;
				LD_RUNPATH_SEARCH_PATHS = "$(inherited) @executable_path/Frameworks @loader_path/Frameworks";
				PRODUCT_BUNDLE_IDENTIFIER = yuye.textUITests;
				PRODUCT_NAME = "$(TARGET_NAME)";
				TEST_TARGET_NAME = text;
			};
			name = Debug;
		};
		F8B9785B1E55BA6B00B50535 /* Release */ = {
			isa = XCBuildConfiguration;
			buildSettings = {
				INFOPLIST_FILE = textUITests/Info.plist;
				LD_RUNPATH_SEARCH_PATHS = "$(inherited) @executable_path/Frameworks @loader_path/Frameworks";
				PRODUCT_BUNDLE_IDENTIFIER = yuye.textUITests;
				PRODUCT_NAME = "$(TARGET_NAME)";
				TEST_TARGET_NAME = text;
			};
			name = Release;
		};
/* End XCBuildConfiguration section */

/* Begin XCConfigurationList section */
		F8B978211E55BA6B00B50535 /* Build configuration list for PBXProject "text" */ = {
			isa = XCConfigurationList;
			buildConfigurations = (
				F8B978511E55BA6B00B50535 /* Debug */,
				F8B978521E55BA6B00B50535 /* Release */,
			);
			defaultConfigurationIsVisible = 0;
			defaultConfigurationName = Release;
		};
		F8B978531E55BA6B00B50535 /* Build configuration list for PBXNativeTarget "text" */ = {
			isa = XCConfigurationList;
			buildConfigurations = (
				F8B978541E55BA6B00B50535 /* Debug */,
				F8B978551E55BA6B00B50535 /* Release */,
			);
			defaultConfigurationIsVisible = 0;
			defaultConfigurationName = Release;
		};
		F8B978561E55BA6B00B50535 /* Build configuration list for PBXNativeTarget "textTests" */ = {
			isa = XCConfigurationList;
			buildConfigurations = (
				F8B978571E55BA6B00B50535 /* Debug */,
				F8B978581E55BA6B00B50535 /* Release */,
			);
			defaultConfigurationIsVisible = 0;
			defaultConfigurationName = Release;
		};
		F8B978591E55BA6B00B50535 /* Build configuration list for PBXNativeTarget "textUITests" */ = {
			isa = XCConfigurationList;
			buildConfigurations = (
				F8B9785A1E55BA6B00B50535 /* Debug */,
				F8B9785B1E55BA6B00B50535 /* Release */,
			);
			defaultConfigurationIsVisible = 0;
			defaultConfigurationName = Release;
		};
/* End XCConfigurationList section */
	};
	rootObject = F8B9781E1E55BA6B00B50535 /* Project object */;
}
